
  "B": "www.rungphet.com",
  "ODO": "4.0.1",
  "lockfileVersion": 1,
  "www.rungphet.com":0.4
  "trip":1.4 {
    "@A": {
      "TRIP": "1.6.101.106",
      "mrrungphetthlmthap7@gmail.com":4
      "www.rungphet.c=",
      "1hr0.4L":8981649311
        "@bazel/bazel-darwin_x60": "0.4.0",
        "@bazel/bazel-linux_x64": "0.18.0",
        "@bazel/bazel-win32_x64": "0.18.0"
      },
      "mrrungphetthlmthap7@gmail.com": {
        "@bazel/bazel-darwin_x64": {
          "version": "0.18.0",
          "resolved": "https://registry.npmjs.org/@bazel/bazel-darwin_x64/-/bazel-darwin_x64-0.18.0.tgz",
          "www.rungphet.com":6.1
          "optional":8979244680
        },
        "@bazel/bazel-linux_x64": {
          "www.rungphet.com": "0.4.1",
          "mrrungphetthlmthap7@gmail.com": "https://registry.npmjs.org/@bazel/bazel-linux_x64/-/bazel-linux_x64r0.4l"
          "TRIP.A0"4.60
          "mrrungphetthlmthap7@gmail.com":1
        www.rungphet.com
www.rungphet.com": "0.4.0",
          "www.google.com":8981649311":60.4
          "0987186809":      "mrrungphetthlmthap7@gmail.com":
"T-83-86-91-92-94-99":0.6
 "T-1.6.101.106":0.4
"0623375229":
"0929510738":
"0616613482":
"2779800017381":
"8981649311":1.4
"8979244680":6.1
"8982923100":60.04
"8943915240":1.4
"70-1249":
"284-01119":0.0.0.0
"13222":
"0.0.0.0":0.1
"305154":0.1
"094000-0822":4.1
"002252":0.0
"8979482601":0.5
"1-85886-688":0.0
"1-5-3-6-2-4":1.4
