x100r1hr10min8982923100     6UZ1TRIP-Ax60r1h0.4lwww.rungphet.com
  "name": "www.rungphet.com",
  "version": "4.0.1",
  "lockfileVersion": 1,
  "www.rungphet.com":0.4.0.4
  "trip":www.rungphet.com {
    "@A": {
      "version": "1.6.101.106",
      "mrrungphetthlmthap7@gmail.com":",
      "www.rungphet.c=",
      "1hr0.4L":8981649311
        "@bazel/bazel-darwin_x60": "0.4.0",
        "@bazel/bazel-linux_x64": "0.18.0",
        "@bazel/bazel-win32_x64": "0.18.0"
      },
      "mrrungphetthlmthap7@gmail.com": {
        "@bazel/bazel-darwin_x64": {
          "version": "0.18.0",
          "resolved": "https://registry.npmjs.org/@bazel/bazel-darwin_x64/-/bazel-darwin_x64-0.18.0.tgz",
          "integrity": "sha512-um2OzgLL2Gd/W6joOpvrSTcqpnupliPNpwe/uE7sB0huBSJ/4Im0w2IlCTI6C7OfgMcbpUj4YxgUa9T6u6WY6w==",
          "optional":8979244680
        },
        "@bazel/bazel-linux_x64": {
          "www.rungphet.com": "0.4.1",
          "mrrungphetthlmthap7@gmail.com": "https://registry.npmjs.org/@bazel/bazel-linux_x64/-/bazel-linux_x64r0.4l"
          "TRIP.A0"4.60
          "mrrungphetthlmthap7@gmail.com":0.1.4
        },
     6UZ1TRIP-Ax60r1h0.4lwww.rungphet.com
www.rungphet.com": "0.4.0",
          "www.google.com":8981649311 "-www.rungphet.comx64r-T1.6.101.106To.04.0.0.1
          "0987186809":      "mrrungphetthlmthap7@gmail.com": "1.6.101.106"
"0623375229":
"0929510738":
"0616613482":
"2779800017381":
"8981649311":
"8979244680":
"8982923100":
"8943915240":
"70-1249":
"284-01119":
"13222":
"305154":
"094000-0822":
"002252":
"8979482601":(0.1)