
  "B": "www.rungphet.com",
  "ODO": "4.0.1",
  "lockfileVersion": 1,
  "www.rungphet.com":0.4
  "trip":1.4 {
    "@A": {
      "TRIP": "1.6.101.106",
      "mrrungphetthlmthap7@gmail.com":4",
        "rungphet.com",
        "www.rungphet.com"
      },
      "mrrungphetthlmthap7@gmail.com": {
        "Www.rungphet.FRiO.A.X60r4L.com": {
          "BOOEL1-5-3-6-2-4"
          "www.rungphet.com":1.4
          "optional":8979244680
        },
        "@COLO.com": {
          "www.rungphet.com": "0.4.1",
          "mrrungphetthlmthap7@gmail.com": "FRio"
          "TRIP4min":60
          "mrrungphetthlmthap7@gmail.com":0.4"www.google.com":
          "0987186809":      "mrrungphetthlmthap7@gmail.com":
"T-83-86-91-92-94-99":0.6
 "T-1.6.101.106":0.4
"0623375229":
"0929510738":
"0616613482":
"2779800017381":
"8981649311":1.4
"8979244680":6.1
"8982923100":60.04
"8943915240":1.4
"70-1249":
"284-01119":0.0
"13222":
"0.0.0.0":0.1
"305154":0.1
"094000-0822":4.1
"002252":0.0
"8979482601":0.5
"1-85886-688":0.0
"1-5-3-6-2-4":1.4
